
Microsoft Visual Studio Solution File, Format Version 12.00
# Visual Studio Version 17
VisualStudioVersion = 17.7.34031.279
MinimumVisualStudioVersion = 10.0.40219.1
Project("{FAE04EC0-301F-11D3-BF4B-00C04F79EFBC}") = "FirstPlayable", "FirstPlayable.csproj", "{468F4AAA-F81E-4173-9D02-10644789EC42}"
EndProject
Global
	GlobalSection(SolutionConfigurationPlatforms) = preSolution
		Debug|Any CPU = Debug|Any CPU
		Release|Any CPU = Release|Any CPU
	EndGlobalSection
	GlobalSection(ProjectConfigurationPlatforms) = postSolution
		{468F4AAA-F81E-4173-9D02-10644789EC42}.Debug|Any CPU.ActiveCfg = Debug|Any CPU
		{468F4AAA-F81E-4173-9D02-10644789EC42}.Debug|Any CPU.Build.0 = Debug|Any CPU
		{468F4AAA-F81E-4173-9D02-10644789EC42}.Release|Any CPU.ActiveCfg = Release|Any CPU
		{468F4AAA-F81E-4173-9D02-10644789EC42}.Release|Any CPU.Build.0 = Release|Any CPU
	EndGlobalSection
	GlobalSection(SolutionProperties) = preSolution
		HideSolutionNode = FALSE
	EndGlobalSection
	GlobalSection(ExtensibilityGlobals) = postSolution
		SolutionGuid = {16FB7816-AAE5-4C1C-AA00-9ED733707257}
	EndGlobalSection
EndGlobal
